{
  "name": "Новая папка (3)",
  "lockfileVersion": 3,
  "requires": true,
  "packages": {
    "": {
      "dependencies": {
        "@fontsource/manrope": "^5.2.5"
      }
    },
    "node_modules/@fontsource/manrope": {
      "version": "5.2.5",
      "resolved": "https://registry.npmjs.org/@fontsource/manrope/-/manrope-5.2.5.tgz",
      "integrity": "sha512-4mYUAhsuF8KoXseG8T9woWUc/foznUVluFtE6fCKAqe76WM3kmDNedaINWjzWB73+wly0duFvVpDBma3NXXT0g==",
      "license": "OFL-1.1",
      "funding": {
        "url": "https://github.com/sponsors/ayuhito"
      }
    }
  }
}
